
Microsoft Visual Studio Solution File, Format Version 12.00
# Visual Studio 15
VisualStudioVersion = 15.0.28010.2048
MinimumVisualStudioVersion = 10.0.40219.1
Project("{FAE04EC0-301F-11D3-BF4B-00C04F79EFBC}") = "SharpShader", "SharpShader\SharpShader.csproj", "{50309A0E-F5E6-4BB4-BF59-E66CB9C90D2F}"
EndProject
Project("{FAE04EC0-301F-11D3-BF4B-00C04F79EFBC}") = "SharpShaderSample", "SharpShaderSample\SharpShaderSample.csproj", "{3A108BB1-55D8-456C-8431-1BE3053F7AA1}"
EndProject
Project("{2150E333-8FDC-42A3-9474-1A3956D46DE8}") = "Solution Items", "Solution Items", "{7A1B7AB0-BC0E-49D3-B61F-D1DB6AF52C4F}"
	ProjectSection(SolutionItems) = preProject
		LICENSE = LICENSE
		README.md = README.md
	EndProjectSection
EndProject
Project("{FAE04EC0-301F-11D3-BF4B-00C04F79EFBC}") = "SharpShader.Core", "SharpShader.Core\SharpShader.Core.csproj", "{4648B160-6149-4308-AA40-A229C7B9C1CE}"
EndProject
Global
	GlobalSection(SolutionConfigurationPlatforms) = preSolution
		Debug|Any CPU = Debug|Any CPU
		Release|Any CPU = Release|Any CPU
	EndGlobalSection
	GlobalSection(ProjectConfigurationPlatforms) = postSolution
		{50309A0E-F5E6-4BB4-BF59-E66CB9C90D2F}.Debug|Any CPU.ActiveCfg = Debug|Any CPU
		{50309A0E-F5E6-4BB4-BF59-E66CB9C90D2F}.Debug|Any CPU.Build.0 = Debug|Any CPU
		{50309A0E-F5E6-4BB4-BF59-E66CB9C90D2F}.Release|Any CPU.ActiveCfg = Release|Any CPU
		{50309A0E-F5E6-4BB4-BF59-E66CB9C90D2F}.Release|Any CPU.Build.0 = Release|Any CPU
		{3A108BB1-55D8-456C-8431-1BE3053F7AA1}.Debug|Any CPU.ActiveCfg = Debug|Any CPU
		{3A108BB1-55D8-456C-8431-1BE3053F7AA1}.Debug|Any CPU.Build.0 = Debug|Any CPU
		{3A108BB1-55D8-456C-8431-1BE3053F7AA1}.Release|Any CPU.ActiveCfg = Release|Any CPU
		{3A108BB1-55D8-456C-8431-1BE3053F7AA1}.Release|Any CPU.Build.0 = Release|Any CPU
		{4648B160-6149-4308-AA40-A229C7B9C1CE}.Debug|Any CPU.ActiveCfg = Debug|Any CPU
		{4648B160-6149-4308-AA40-A229C7B9C1CE}.Debug|Any CPU.Build.0 = Debug|Any CPU
		{4648B160-6149-4308-AA40-A229C7B9C1CE}.Release|Any CPU.ActiveCfg = Release|Any CPU
		{4648B160-6149-4308-AA40-A229C7B9C1CE}.Release|Any CPU.Build.0 = Release|Any CPU
	EndGlobalSection
	GlobalSection(SolutionProperties) = preSolution
		HideSolutionNode = FALSE
	EndGlobalSection
	GlobalSection(ExtensibilityGlobals) = postSolution
		SolutionGuid = {64479814-51CA-4335-84D3-DDAD786C0DA1}
	EndGlobalSection
EndGlobal
